
Microsoft Visual Studio Solution File, Format Version 12.00
# Visual Studio 14
VisualStudioVersion = 14.0.25420.1
MinimumVisualStudioVersion = 10.0.40219.1
Project("{FAE04EC0-301F-11D3-BF4B-00C04F79EFBC}") = "Merchant.DataAccess", "Merchant.DataAccess\Merchant.DataAccess.csproj", "{B6402105-95C3-4C8B-BAF8-6C07E59F40F2}"
EndProject
Project("{2150E333-8FDC-42A3-9474-1A3956D46DE8}") = "Merchant.Tests", "Merchant.Tests", "{225E3756-6C74-4A28-BB87-AB54E56CB160}"
EndProject
Project("{FAE04EC0-301F-11D3-BF4B-00C04F79EFBC}") = "Merchant.Tests.DataAccess", "Merchant.Tests.DataAccess\Merchant.Tests.DataAccess.csproj", "{AFAA0A71-343D-4092-8D47-126E0549A319}"
EndProject
Global
	GlobalSection(SolutionConfigurationPlatforms) = preSolution
		Debug|Any CPU = Debug|Any CPU
		Release|Any CPU = Release|Any CPU
	EndGlobalSection
	GlobalSection(ProjectConfigurationPlatforms) = postSolution
		{B6402105-95C3-4C8B-BAF8-6C07E59F40F2}.Debug|Any CPU.ActiveCfg = Debug|Any CPU
		{B6402105-95C3-4C8B-BAF8-6C07E59F40F2}.Debug|Any CPU.Build.0 = Debug|Any CPU
		{B6402105-95C3-4C8B-BAF8-6C07E59F40F2}.Release|Any CPU.ActiveCfg = Release|Any CPU
		{B6402105-95C3-4C8B-BAF8-6C07E59F40F2}.Release|Any CPU.Build.0 = Release|Any CPU
		{AFAA0A71-343D-4092-8D47-126E0549A319}.Debug|Any CPU.ActiveCfg = Debug|Any CPU
		{AFAA0A71-343D-4092-8D47-126E0549A319}.Debug|Any CPU.Build.0 = Debug|Any CPU
		{AFAA0A71-343D-4092-8D47-126E0549A319}.Release|Any CPU.ActiveCfg = Release|Any CPU
		{AFAA0A71-343D-4092-8D47-126E0549A319}.Release|Any CPU.Build.0 = Release|Any CPU
	EndGlobalSection
	GlobalSection(SolutionProperties) = preSolution
		HideSolutionNode = FALSE
	EndGlobalSection
	GlobalSection(NestedProjects) = preSolution
		{AFAA0A71-343D-4092-8D47-126E0549A319} = {225E3756-6C74-4A28-BB87-AB54E56CB160}
	EndGlobalSection
EndGlobal
